// !$*UTF8*$!
{
	archiveVersion = 1;
	classes = {
	};
	objectVersion = 51;
	objects = {

/* Begin PBXBuildFile section */
		48D9653227E17019000BD0AE /* AppDelegate.swift in Sources */ = {isa = PBXBuildFile; fileRef = 48D9653127E17019000BD0AE /* AppDelegate.swift */; };
		48D9653427E17019000BD0AE /* SceneDelegate.swift in Sources */ = {isa = PBXBuildFile; fileRef = 48D9653327E17019000BD0AE /* SceneDelegate.swift */; };
		48D9653927E17019000BD0AE /* Main.storyboard in Resources */ = {isa = PBXBuildFile; fileRef = 48D9653727E17019000BD0AE /* Main.storyboard */; };
		48D9653B27E1701B000BD0AE /* Assets.xcassets in Resources */ = {isa = PBXBuildFile; fileRef = 48D9653A27E1701B000BD0AE /* Assets.xcassets */; };
		48D9653E27E1701B000BD0AE /* LaunchScreen.storyboard in Resources */ = {isa = PBXBuildFile; fileRef = 48D9653C27E1701B000BD0AE /* LaunchScreen.storyboard */; };
		48D9654D27E172D0000BD0AE /* HomeController.swift in Sources */ = {isa = PBXBuildFile; fileRef = 48D9654C27E172D0000BD0AE /* HomeController.swift */; };
		48D9654F27E173B8000BD0AE /* Extensions.swift in Sources */ = {isa = PBXBuildFile; fileRef = 48D9654E27E173B8000BD0AE /* Extensions.swift */; };
		48D9655127E17486000BD0AE /* HomeNavigationStackView.swift in Sources */ = {isa = PBXBuildFile; fileRef = 48D9655027E17486000BD0AE /* HomeNavigationStackView.swift */; };
		48D9655327E17A36000BD0AE /* BottomControlsStackView.swift in Sources */ = {isa = PBXBuildFile; fileRef = 48D9655227E17A36000BD0AE /* BottomControlsStackView.swift */; };
		48D9655527E17F07000BD0AE /* CardView.swift in Sources */ = {isa = PBXBuildFile; fileRef = 48D9655427E17F07000BD0AE /* CardView.swift */; };
		48D9655727E65A50000BD0AE /* User.swift in Sources */ = {isa = PBXBuildFile; fileRef = 48D9655627E65A50000BD0AE /* User.swift */; };
		48D9655927E65AE6000BD0AE /* CardViewModel.swift in Sources */ = {isa = PBXBuildFile; fileRef = 48D9655827E65AE6000BD0AE /* CardViewModel.swift */; };
		48D9655C27E662B3000BD0AE /* LoginController.swift in Sources */ = {isa = PBXBuildFile; fileRef = 48D9655B27E662B3000BD0AE /* LoginController.swift */; };
		48D9655E27E662C3000BD0AE /* RegistrationController.swift in Sources */ = {isa = PBXBuildFile; fileRef = 48D9655D27E662C3000BD0AE /* RegistrationController.swift */; };
		48D9656027E66872000BD0AE /* CustomTextField.swift in Sources */ = {isa = PBXBuildFile; fileRef = 48D9655F27E66872000BD0AE /* CustomTextField.swift */; };
		48D9656227E66A28000BD0AE /* AuthButton.swift in Sources */ = {isa = PBXBuildFile; fileRef = 48D9656127E66A28000BD0AE /* AuthButton.swift */; };
		48D9656427E686F7000BD0AE /* AuthenticationViewModel.swift in Sources */ = {isa = PBXBuildFile; fileRef = 48D9656327E686F7000BD0AE /* AuthenticationViewModel.swift */; };
		48D9656627E69719000BD0AE /* GoogleService-Info.plist in Resources */ = {isa = PBXBuildFile; fileRef = 48D9656527E69719000BD0AE /* GoogleService-Info.plist */; };
		48D9656827E69D96000BD0AE /* AuthService.swift in Sources */ = {isa = PBXBuildFile; fileRef = 48D9656727E69D96000BD0AE /* AuthService.swift */; };
		48D9656A27E69D9F000BD0AE /* Service.swift in Sources */ = {isa = PBXBuildFile; fileRef = 48D9656927E69D9F000BD0AE /* Service.swift */; };
		D33A98066E20E39E23EAAF83 /* Pods_TinderClone.framework in Frameworks */ = {isa = PBXBuildFile; fileRef = 1B53400E2880EAB9340CE02C /* Pods_TinderClone.framework */; };
/* End PBXBuildFile section */

/* Begin PBXFileReference section */
		1B53400E2880EAB9340CE02C /* Pods_TinderClone.framework */ = {isa = PBXFileReference; explicitFileType = wrapper.framework; includeInIndex = 0; path = Pods_TinderClone.framework; sourceTree = BUILT_PRODUCTS_DIR; };
		458FA120D36A418291C67A06 /* Pods-TinderClone.release.xcconfig */ = {isa = PBXFileReference; includeInIndex = 1; lastKnownFileType = text.xcconfig; name = "Pods-TinderClone.release.xcconfig"; path = "Target Support Files/Pods-TinderClone/Pods-TinderClone.release.xcconfig"; sourceTree = "<group>"; };
		48D9652E27E17019000BD0AE /* TinderClone.app */ = {isa = PBXFileReference; explicitFileType = wrapper.application; includeInIndex = 0; path = TinderClone.app; sourceTree = BUILT_PRODUCTS_DIR; };
		48D9653127E17019000BD0AE /* AppDelegate.swift */ = {isa = PBXFileReference; lastKnownFileType = sourcecode.swift; path = AppDelegate.swift; sourceTree = "<group>"; };
		48D9653327E17019000BD0AE /* SceneDelegate.swift */ = {isa = PBXFileReference; lastKnownFileType = sourcecode.swift; path = SceneDelegate.swift; sourceTree = "<group>"; };
		48D9653827E17019000BD0AE /* Base */ = {isa = PBXFileReference; lastKnownFileType = file.storyboard; name = Base; path = Base.lproj/Main.storyboard; sourceTree = "<group>"; };
		48D9653A27E1701B000BD0AE /* Assets.xcassets */ = {isa = PBXFileReference; lastKnownFileType = folder.assetcatalog; path = Assets.xcassets; sourceTree = "<group>"; };
		48D9653D27E1701B000BD0AE /* Base */ = {isa = PBXFileReference; lastKnownFileType = file.storyboard; name = Base; path = Base.lproj/LaunchScreen.storyboard; sourceTree = "<group>"; };
		48D9653F27E1701B000BD0AE /* Info.plist */ = {isa = PBXFileReference; lastKnownFileType = text.plist.xml; path = Info.plist; sourceTree = "<group>"; };
		48D9654C27E172D0000BD0AE /* HomeController.swift */ = {isa = PBXFileReference; lastKnownFileType = sourcecode.swift; path = HomeController.swift; sourceTree = "<group>"; };
		48D9654E27E173B8000BD0AE /* Extensions.swift */ = {isa = PBXFileReference; fileEncoding = 4; lastKnownFileType = sourcecode.swift; path = Extensions.swift; sourceTree = "<group>"; };
		48D9655027E17486000BD0AE /* HomeNavigationStackView.swift */ = {isa = PBXFileReference; lastKnownFileType = sourcecode.swift; path = HomeNavigationStackView.swift; sourceTree = "<group>"; };
		48D9655227E17A36000BD0AE /* BottomControlsStackView.swift */ = {isa = PBXFileReference; lastKnownFileType = sourcecode.swift; path = BottomControlsStackView.swift; sourceTree = "<group>"; };
		48D9655427E17F07000BD0AE /* CardView.swift */ = {isa = PBXFileReference; lastKnownFileType = sourcecode.swift; path = CardView.swift; sourceTree = "<group>"; };
		48D9655627E65A50000BD0AE /* User.swift */ = {isa = PBXFileReference; lastKnownFileType = sourcecode.swift; path = User.swift; sourceTree = "<group>"; };
		48D9655827E65AE6000BD0AE /* CardViewModel.swift */ = {isa = PBXFileReference; lastKnownFileType = sourcecode.swift; path = CardViewModel.swift; sourceTree = "<group>"; };
		48D9655B27E662B3000BD0AE /* LoginController.swift */ = {isa = PBXFileReference; lastKnownFileType = sourcecode.swift; path = LoginController.swift; sourceTree = "<group>"; };
		48D9655D27E662C3000BD0AE /* RegistrationController.swift */ = {isa = PBXFileReference; lastKnownFileType = sourcecode.swift; path = RegistrationController.swift; sourceTree = "<group>"; };
		48D9655F27E66872000BD0AE /* CustomTextField.swift */ = {isa = PBXFileReference; lastKnownFileType = sourcecode.swift; path = CustomTextField.swift; sourceTree = "<group>"; };
		48D9656127E66A28000BD0AE /* AuthButton.swift */ = {isa = PBXFileReference; lastKnownFileType = sourcecode.swift; path = AuthButton.swift; sourceTree = "<group>"; };
		48D9656327E686F7000BD0AE /* AuthenticationViewModel.swift */ = {isa = PBXFileReference; lastKnownFileType = sourcecode.swift; path = AuthenticationViewModel.swift; sourceTree = "<group>"; };
		48D9656527E69719000BD0AE /* GoogleService-Info.plist */ = {isa = PBXFileReference; fileEncoding = 4; lastKnownFileType = text.plist.xml; path = "GoogleService-Info.plist"; sourceTree = "<group>"; };
		48D9656727E69D96000BD0AE /* AuthService.swift */ = {isa = PBXFileReference; lastKnownFileType = sourcecode.swift; path = AuthService.swift; sourceTree = "<group>"; };
		48D9656927E69D9F000BD0AE /* Service.swift */ = {isa = PBXFileReference; lastKnownFileType = sourcecode.swift; path = Service.swift; sourceTree = "<group>"; };
		9567DD6DEF052A8DA0AFFA82 /* Pods-TinderClone.debug.xcconfig */ = {isa = PBXFileReference; includeInIndex = 1; lastKnownFileType = text.xcconfig; name = "Pods-TinderClone.debug.xcconfig"; path = "Target Support Files/Pods-TinderClone/Pods-TinderClone.debug.xcconfig"; sourceTree = "<group>"; };
/* End PBXFileReference section */

/* Begin PBXFrameworksBuildPhase section */
		48D9652B27E17019000BD0AE /* Frameworks */ = {
			isa = PBXFrameworksBuildPhase;
			buildActionMask = 2147483647;
			files = (
				D33A98066E20E39E23EAAF83 /* Pods_TinderClone.framework in Frameworks */,
			);
			runOnlyForDeploymentPostprocessing = 0;
		};
/* End PBXFrameworksBuildPhase section */

/* Begin PBXGroup section */
		48D9652527E17019000BD0AE = {
			isa = PBXGroup;
			children = (
				48D9653027E17019000BD0AE /* TinderClone */,
				48D9652F27E17019000BD0AE /* Products */,
				932DD072A10EFB098336EA76 /* Pods */,
				D70960DFBF3DFBD358194DA9 /* Frameworks */,
			);
			sourceTree = "<group>";
		};
		48D9652F27E17019000BD0AE /* Products */ = {
			isa = PBXGroup;
			children = (
				48D9652E27E17019000BD0AE /* TinderClone.app */,
			);
			name = Products;
			sourceTree = "<group>";
		};
		48D9653027E17019000BD0AE /* TinderClone */ = {
			isa = PBXGroup;
			children = (
				48D9654A27E17261000BD0AE /* Model */,
				48D9654927E17260000BD0AE /* View */,
				48D9654827E1725E000BD0AE /* ViewModel */,
				48D9654627E17256000BD0AE /* Controller */,
				48D9654527E1724F000BD0AE /* API */,
				48D9654B27E1728A000BD0AE /* Utils */,
				48D9653127E17019000BD0AE /* AppDelegate.swift */,
				48D9653327E17019000BD0AE /* SceneDelegate.swift */,
				48D9653727E17019000BD0AE /* Main.storyboard */,
				48D9653A27E1701B000BD0AE /* Assets.xcassets */,
				48D9653C27E1701B000BD0AE /* LaunchScreen.storyboard */,
				48D9656527E69719000BD0AE /* GoogleService-Info.plist */,
				48D9653F27E1701B000BD0AE /* Info.plist */,
			);
			path = TinderClone;
			sourceTree = "<group>";
		};
		48D9654527E1724F000BD0AE /* API */ = {
			isa = PBXGroup;
			children = (
				48D9656727E69D96000BD0AE /* AuthService.swift */,
				48D9656927E69D9F000BD0AE /* Service.swift */,
			);
			path = API;
			sourceTree = "<group>";
		};
		48D9654627E17256000BD0AE /* Controller */ = {
			isa = PBXGroup;
			children = (
				48D9655A27E6629D000BD0AE /* Authentication */,
				48D9654C27E172D0000BD0AE /* HomeController.swift */,
			);
			path = Controller;
			sourceTree = "<group>";
		};
		48D9654827E1725E000BD0AE /* ViewModel */ = {
			isa = PBXGroup;
			children = (
				48D9655827E65AE6000BD0AE /* CardViewModel.swift */,
				48D9656327E686F7000BD0AE /* AuthenticationViewModel.swift */,
			);
			path = ViewModel;
			sourceTree = "<group>";
		};
		48D9654927E17260000BD0AE /* View */ = {
			isa = PBXGroup;
			children = (
				48D9655027E17486000BD0AE /* HomeNavigationStackView.swift */,
				48D9655227E17A36000BD0AE /* BottomControlsStackView.swift */,
				48D9655427E17F07000BD0AE /* CardView.swift */,
			);
			path = View;
			sourceTree = "<group>";
		};
		48D9654A27E17261000BD0AE /* Model */ = {
			isa = PBXGroup;
			children = (
				48D9655627E65A50000BD0AE /* User.swift */,
			);
			path = Model;
			sourceTree = "<group>";
		};
		48D9654B27E1728A000BD0AE /* Utils */ = {
			isa = PBXGroup;
			children = (
				48D9654E27E173B8000BD0AE /* Extensions.swift */,
				48D9655F27E66872000BD0AE /* CustomTextField.swift */,
				48D9656127E66A28000BD0AE /* AuthButton.swift */,
			);
			path = Utils;
			sourceTree = "<group>";
		};
		48D9655A27E6629D000BD0AE /* Authentication */ = {
			isa = PBXGroup;
			children = (
				48D9655B27E662B3000BD0AE /* LoginController.swift */,
				48D9655D27E662C3000BD0AE /* RegistrationController.swift */,
			);
			path = Authentication;
			sourceTree = "<group>";
		};
		932DD072A10EFB098336EA76 /* Pods */ = {
			isa = PBXGroup;
			children = (
				9567DD6DEF052A8DA0AFFA82 /* Pods-TinderClone.debug.xcconfig */,
				458FA120D36A418291C67A06 /* Pods-TinderClone.release.xcconfig */,
			);
			path = Pods;
			sourceTree = "<group>";
		};
		D70960DFBF3DFBD358194DA9 /* Frameworks */ = {
			isa = PBXGroup;
			children = (
				1B53400E2880EAB9340CE02C /* Pods_TinderClone.framework */,
			);
			name = Frameworks;
			sourceTree = "<group>";
		};
/* End PBXGroup section */

/* Begin PBXNativeTarget section */
		48D9652D27E17019000BD0AE /* TinderClone */ = {
			isa = PBXNativeTarget;
			buildConfigurationList = 48D9654227E1701B000BD0AE /* Build configuration list for PBXNativeTarget "TinderClone" */;
			buildPhases = (
				486BBAD0DBFBF98D3D7B42E9 /* [CP] Check Pods Manifest.lock */,
				48D9652A27E17019000BD0AE /* Sources */,
				48D9652B27E17019000BD0AE /* Frameworks */,
				48D9652C27E17019000BD0AE /* Resources */,
				79F8398B4D1D73B52D32EA0A /* [CP] Embed Pods Frameworks */,
			);
			buildRules = (
			);
			dependencies = (
			);
			name = TinderClone;
			productName = TinderClone;
			productReference = 48D9652E27E17019000BD0AE /* TinderClone.app */;
			productType = "com.apple.product-type.application";
		};
/* End PBXNativeTarget section */

/* Begin PBXProject section */
		48D9652627E17019000BD0AE /* Project object */ = {
			isa = PBXProject;
			attributes = {
				LastSwiftUpdateCheck = 1250;
				LastUpgradeCheck = 1250;
				TargetAttributes = {
					48D9652D27E17019000BD0AE = {
						CreatedOnToolsVersion = 12.5.1;
					};
				};
			};
			buildConfigurationList = 48D9652927E17019000BD0AE /* Build configuration list for PBXProject "TinderClone" */;
			compatibilityVersion = "Xcode 9.3";
			developmentRegion = en;
			hasScannedForEncodings = 0;
			knownRegions = (
				en,
				Base,
			);
			mainGroup = 48D9652527E17019000BD0AE;
			productRefGroup = 48D9652F27E17019000BD0AE /* Products */;
			projectDirPath = "";
			projectRoot = "";
			targets = (
				48D9652D27E17019000BD0AE /* TinderClone */,
			);
		};
/* End PBXProject section */

/* Begin PBXResourcesBuildPhase section */
		48D9652C27E17019000BD0AE /* Resources */ = {
			isa = PBXResourcesBuildPhase;
			buildActionMask = 2147483647;
			files = (
				48D9653E27E1701B000BD0AE /* LaunchScreen.storyboard in Resources */,
				48D9656627E69719000BD0AE /* GoogleService-Info.plist in Resources */,
				48D9653B27E1701B000BD0AE /* Assets.xcassets in Resources */,
				48D9653927E17019000BD0AE /* Main.storyboard in Resources */,
			);
			runOnlyForDeploymentPostprocessing = 0;
		};
/* End PBXResourcesBuildPhase section */

/* Begin PBXShellScriptBuildPhase section */
		486BBAD0DBFBF98D3D7B42E9 /* [CP] Check Pods Manifest.lock */ = {
			isa = PBXShellScriptBuildPhase;
			buildActionMask = 2147483647;
			files = (
			);
			inputFileListPaths = (
			);
			inputPaths = (
				"${PODS_PODFILE_DIR_PATH}/Podfile.lock",
				"${PODS_ROOT}/Manifest.lock",
			);
			name = "[CP] Check Pods Manifest.lock";
			outputFileListPaths = (
			);
			outputPaths = (
				"$(DERIVED_FILE_DIR)/Pods-TinderClone-checkManifestLockResult.txt",
			);
			runOnlyForDeploymentPostprocessing = 0;
			shellPath = /bin/sh;
			shellScript = "diff \"${PODS_PODFILE_DIR_PATH}/Podfile.lock\" \"${PODS_ROOT}/Manifest.lock\" > /dev/null\nif [ $? != 0 ] ; then\n    # print error to STDERR\n    echo \"error: The sandbox is not in sync with the Podfile.lock. Run 'pod install' or update your CocoaPods installation.\" >&2\n    exit 1\nfi\n# This output is used by Xcode 'outputs' to avoid re-running this script phase.\necho \"SUCCESS\" > \"${SCRIPT_OUTPUT_FILE_0}\"\n";
			showEnvVarsInLog = 0;
		};
		79F8398B4D1D73B52D32EA0A /* [CP] Embed Pods Frameworks */ = {
			isa = PBXShellScriptBuildPhase;
			buildActionMask = 2147483647;
			files = (
			);
			inputFileListPaths = (
				"${PODS_ROOT}/Target Support Files/Pods-TinderClone/Pods-TinderClone-frameworks-${CONFIGURATION}-input-files.xcfilelist",
			);
			name = "[CP] Embed Pods Frameworks";
			outputFileListPaths = (
				"${PODS_ROOT}/Target Support Files/Pods-TinderClone/Pods-TinderClone-frameworks-${CONFIGURATION}-output-files.xcfilelist",
			);
			runOnlyForDeploymentPostprocessing = 0;
			shellPath = /bin/sh;
			shellScript = "\"${PODS_ROOT}/Target Support Files/Pods-TinderClone/Pods-TinderClone-frameworks.sh\"\n";
			showEnvVarsInLog = 0;
		};
/* End PBXShellScriptBuildPhase section */

/* Begin PBXSourcesBuildPhase section */
		48D9652A27E17019000BD0AE /* Sources */ = {
			isa = PBXSourcesBuildPhase;
			buildActionMask = 2147483647;
			files = (
				48D9655527E17F07000BD0AE /* CardView.swift in Sources */,
				48D9656227E66A28000BD0AE /* AuthButton.swift in Sources */,
				48D9656427E686F7000BD0AE /* AuthenticationViewModel.swift in Sources */,
				48D9655327E17A36000BD0AE /* BottomControlsStackView.swift in Sources */,
				48D9653227E17019000BD0AE /* AppDelegate.swift in Sources */,
				48D9653427E17019000BD0AE /* SceneDelegate.swift in Sources */,
				48D9655727E65A50000BD0AE /* User.swift in Sources */,
				48D9655127E17486000BD0AE /* HomeNavigationStackView.swift in Sources */,
				48D9655E27E662C3000BD0AE /* RegistrationController.swift in Sources */,
				48D9656A27E69D9F000BD0AE /* Service.swift in Sources */,
				48D9654D27E172D0000BD0AE /* HomeController.swift in Sources */,
				48D9656027E66872000BD0AE /* CustomTextField.swift in Sources */,
				48D9654F27E173B8000BD0AE /* Extensions.swift in Sources */,
				48D9656827E69D96000BD0AE /* AuthService.swift in Sources */,
				48D9655927E65AE6000BD0AE /* CardViewModel.swift in Sources */,
				48D9655C27E662B3000BD0AE /* LoginController.swift in Sources */,
			);
			runOnlyForDeploymentPostprocessing = 0;
		};
/* End PBXSourcesBuildPhase section */

/* Begin PBXVariantGroup section */
		48D9653727E17019000BD0AE /* Main.storyboard */ = {
			isa = PBXVariantGroup;
			children = (
				48D9653827E17019000BD0AE /* Base */,
			);
			name = Main.storyboard;
			sourceTree = "<group>";
		};
		48D9653C27E1701B000BD0AE /* LaunchScreen.storyboard */ = {
			isa = PBXVariantGroup;
			children = (
				48D9653D27E1701B000BD0AE /* Base */,
			);
			name = LaunchScreen.storyboard;
			sourceTree = "<group>";
		};
/* End PBXVariantGroup section */

/* Begin XCBuildConfiguration section */
		48D9654027E1701B000BD0AE /* Debug */ = {
			isa = XCBuildConfiguration;
			buildSettings = {
				ALWAYS_SEARCH_USER_PATHS = NO;
				CLANG_ANALYZER_NONNULL = YES;
				CLANG_ANALYZER_NUMBER_OBJECT_CONVERSION = YES_AGGRESSIVE;
				CLANG_CXX_LANGUAGE_STANDARD = "gnu++14";
				CLANG_CXX_LIBRARY = "libc++";
				CLANG_ENABLE_MODULES = YES;
				CLANG_ENABLE_OBJC_ARC = YES;
				CLANG_ENABLE_OBJC_WEAK = YES;
				CLANG_WARN_BLOCK_CAPTURE_AUTORELEASING = YES;
				CLANG_WARN_BOOL_CONVERSION = YES;
				CLANG_WARN_COMMA = YES;
				CLANG_WARN_CONSTANT_CONVERSION = YES;
				CLANG_WARN_DEPRECATED_OBJC_IMPLEMENTATIONS = YES;
				CLANG_WARN_DIRECT_OBJC_ISA_USAGE = YES_ERROR;
				CLANG_WARN_DOCUMENTATION_COMMENTS = YES;
				CLANG_WARN_EMPTY_BODY = YES;
				CLANG_WARN_ENUM_CONVERSION = YES;
				CLANG_WARN_INFINITE_RECURSION = YES;
				CLANG_WARN_INT_CONVERSION = YES;
				CLANG_WARN_NON_LITERAL_NULL_CONVERSION = YES;
				CLANG_WARN_OBJC_IMPLICIT_RETAIN_SELF = YES;
				CLANG_WARN_OBJC_LITERAL_CONVERSION = YES;
				CLANG_WARN_OBJC_ROOT_CLASS = YES_ERROR;
				CLANG_WARN_QUOTED_INCLUDE_IN_FRAMEWORK_HEADER = YES;
				CLANG_WARN_RANGE_LOOP_ANALYSIS = YES;
				CLANG_WARN_STRICT_PROTOTYPES = YES;
				CLANG_WARN_SUSPICIOUS_MOVE = YES;
				CLANG_WARN_UNGUARDED_AVAILABILITY = YES_AGGRESSIVE;
				CLANG_WARN_UNREACHABLE_CODE = YES;
				CLANG_WARN__DUPLICATE_METHOD_MATCH = YES;
				COPY_PHASE_STRIP = NO;
				DEBUG_INFORMATION_FORMAT = dwarf;
				ENABLE_STRICT_OBJC_MSGSEND = YES;
				ENABLE_TESTABILITY = YES;
				GCC_C_LANGUAGE_STANDARD = gnu11;
				GCC_DYNAMIC_NO_PIC = NO;
				GCC_NO_COMMON_BLOCKS = YES;
				GCC_OPTIMIZATION_LEVEL = 0;
				GCC_PREPROCESSOR_DEFINITIONS = (
					"DEBUG=1",
					"$(inherited)",
				);
				GCC_WARN_64_TO_32_BIT_CONVERSION = YES;
				GCC_WARN_ABOUT_RETURN_TYPE = YES_ERROR;
				GCC_WARN_UNDECLARED_SELECTOR = YES;
				GCC_WARN_UNINITIALIZED_AUTOS = YES_AGGRESSIVE;
				GCC_WARN_UNUSED_FUNCTION = YES;
				GCC_WARN_UNUSED_VARIABLE = YES;
				IPHONEOS_DEPLOYMENT_TARGET = 14.5;
				MTL_ENABLE_DEBUG_INFO = INCLUDE_SOURCE;
				MTL_FAST_MATH = YES;
				ONLY_ACTIVE_ARCH = YES;
				SDKROOT = iphoneos;
				SWIFT_ACTIVE_COMPILATION_CONDITIONS = DEBUG;
				SWIFT_OPTIMIZATION_LEVEL = "-Onone";
			};
			name = Debug;
		};
		48D9654127E1701B000BD0AE /* Release */ = {
			isa = XCBuildConfiguration;
			buildSettings = {
				ALWAYS_SEARCH_USER_PATHS = NO;
				CLANG_ANALYZER_NONNULL = YES;
				CLANG_ANALYZER_NUMBER_OBJECT_CONVERSION = YES_AGGRESSIVE;
				CLANG_CXX_LANGUAGE_STANDARD = "gnu++14";
				CLANG_CXX_LIBRARY = "libc++";
				CLANG_ENABLE_MODULES = YES;
				CLANG_ENABLE_OBJC_ARC = YES;
				CLANG_ENABLE_OBJC_WEAK = YES;
				CLANG_WARN_BLOCK_CAPTURE_AUTORELEASING = YES;
				CLANG_WARN_BOOL_CONVERSION = YES;
				CLANG_WARN_COMMA = YES;
				CLANG_WARN_CONSTANT_CONVERSION = YES;
				CLANG_WARN_DEPRECATED_OBJC_IMPLEMENTATIONS = YES;
				CLANG_WARN_DIRECT_OBJC_ISA_USAGE = YES_ERROR;
				CLANG_WARN_DOCUMENTATION_COMMENTS = YES;
				CLANG_WARN_EMPTY_BODY = YES;
				CLANG_WARN_ENUM_CONVERSION = YES;
				CLANG_WARN_INFINITE_RECURSION = YES;
				CLANG_WARN_INT_CONVERSION = YES;
				CLANG_WARN_NON_LITERAL_NULL_CONVERSION = YES;
				CLANG_WARN_OBJC_IMPLICIT_RETAIN_SELF = YES;
				CLANG_WARN_OBJC_LITERAL_CONVERSION = YES;
				CLANG_WARN_OBJC_ROOT_CLASS = YES_ERROR;
				CLANG_WARN_QUOTED_INCLUDE_IN_FRAMEWORK_HEADER = YES;
				CLANG_WARN_RANGE_LOOP_ANALYSIS = YES;
				CLANG_WARN_STRICT_PROTOTYPES = YES;
				CLANG_WARN_SUSPICIOUS_MOVE = YES;
				CLANG_WARN_UNGUARDED_AVAILABILITY = YES_AGGRESSIVE;
				CLANG_WARN_UNREACHABLE_CODE = YES;
				CLANG_WARN__DUPLICATE_METHOD_MATCH = YES;
				COPY_PHASE_STRIP = NO;
				DEBUG_INFORMATION_FORMAT = "dwarf-with-dsym";
				ENABLE_NS_ASSERTIONS = NO;
				ENABLE_STRICT_OBJC_MSGSEND = YES;
				GCC_C_LANGUAGE_STANDARD = gnu11;
				GCC_NO_COMMON_BLOCKS = YES;
				GCC_WARN_64_TO_32_BIT_CONVERSION = YES;
				GCC_WARN_ABOUT_RETURN_TYPE = YES_ERROR;
				GCC_WARN_UNDECLARED_SELECTOR = YES;
				GCC_WARN_UNINITIALIZED_AUTOS = YES_AGGRESSIVE;
				GCC_WARN_UNUSED_FUNCTION = YES;
				GCC_WARN_UNUSED_VARIABLE = YES;
				IPHONEOS_DEPLOYMENT_TARGET = 14.5;
				MTL_ENABLE_DEBUG_INFO = NO;
				MTL_FAST_MATH = YES;
				SDKROOT = iphoneos;
				SWIFT_COMPILATION_MODE = wholemodule;
				SWIFT_OPTIMIZATION_LEVEL = "-O";
				VALIDATE_PRODUCT = YES;
			};
			name = Release;
		};
		48D9654327E1701B000BD0AE /* Debug */ = {
			isa = XCBuildConfiguration;
			baseConfigurationReference = 9567DD6DEF052A8DA0AFFA82 /* Pods-TinderClone.debug.xcconfig */;
			buildSettings = {
				ASSETCATALOG_COMPILER_APPICON_NAME = AppIcon;
				ASSETCATALOG_COMPILER_GLOBAL_ACCENT_COLOR_NAME = AccentColor;
				CODE_SIGN_STYLE = Automatic;
				DEVELOPMENT_TEAM = 5RXBNSL5MK;
				INFOPLIST_FILE = TinderClone/Info.plist;
				LD_RUNPATH_SEARCH_PATHS = (
					"$(inherited)",
					"@executable_path/Frameworks",
				);
				PRODUCT_BUNDLE_IDENTIFIER = co.michaela.TinderClone;
				PRODUCT_NAME = "$(TARGET_NAME)";
				SWIFT_VERSION = 5.0;
				TARGETED_DEVICE_FAMILY = "1,2";
			};
			name = Debug;
		};
		48D9654427E1701B000BD0AE /* Release */ = {
			isa = XCBuildConfiguration;
			baseConfigurationReference = 458FA120D36A418291C67A06 /* Pods-TinderClone.release.xcconfig */;
			buildSettings = {
				ASSETCATALOG_COMPILER_APPICON_NAME = AppIcon;
				ASSETCATALOG_COMPILER_GLOBAL_ACCENT_COLOR_NAME = AccentColor;
				CODE_SIGN_STYLE = Automatic;
				DEVELOPMENT_TEAM = 5RXBNSL5MK;
				INFOPLIST_FILE = TinderClone/Info.plist;
				LD_RUNPATH_SEARCH_PATHS = (
					"$(inherited)",
					"@executable_path/Frameworks",
				);
				PRODUCT_BUNDLE_IDENTIFIER = co.michaela.TinderClone;
				PRODUCT_NAME = "$(TARGET_NAME)";
				SWIFT_VERSION = 5.0;
				TARGETED_DEVICE_FAMILY = "1,2";
			};
			name = Release;
		};
/* End XCBuildConfiguration section */

/* Begin XCConfigurationList section */
		48D9652927E17019000BD0AE /* Build configuration list for PBXProject "TinderClone" */ = {
			isa = XCConfigurationList;
			buildConfigurations = (
				48D9654027E1701B000BD0AE /* Debug */,
				48D9654127E1701B000BD0AE /* Release */,
			);
			defaultConfigurationIsVisible = 0;
			defaultConfigurationName = Release;
		};
		48D9654227E1701B000BD0AE /* Build configuration list for PBXNativeTarget "TinderClone" */ = {
			isa = XCConfigurationList;
			buildConfigurations = (
				48D9654327E1701B000BD0AE /* Debug */,
				48D9654427E1701B000BD0AE /* Release */,
			);
			defaultConfigurationIsVisible = 0;
			defaultConfigurationName = Release;
		};
/* End XCConfigurationList section */
	};
	rootObject = 48D9652627E17019000BD0AE /* Project object */;
}
